<?xml version="1.0" encoding="utf-8"?>
<Project ToolsVersion="4.0" xmlns="http://schemas.microsoft.com/developer/msbuild/2003">
  <ItemGroup>
    <Filter Include="ソース ファイル">
      <UniqueIdentifier>{4FC737F1-C7A5-4376-A066-2A32D752A2FF}</UniqueIdentifier>
      <Extensions>cpp;c;cc;cxx;def;odl;idl;hpj;bat;asm;asmx</Extensions>
    </Filter>
    <Filter Include="リソース ファイル">
      <UniqueIdentifier>{67DA6AB6-F800-4c08-8B7A-83BB121AAD01}</UniqueIdentifier>
      <Extensions>rc;ico;cur;bmp;dlg;rc2;rct;bin;rgs;gif;jpg;jpeg;jpe;resx;tiff;tif;png;wav</Extensions>
    </Filter>
  </ItemGroup>
  <ItemGroup>
    <ClCompile Include="board.cpp">
      <Filter>ソース ファイル</Filter>
    </ClCompile>
    <ClCompile Include="box.cpp">
      <Filter>ソース ファイル</Filter>
    </ClCompile>
    <ClCompile Include="main.cpp">
      <Filter>ソース ファイル</Filter>
    </ClCompile>
    <ClCompile Include="sprite.cpp">
      <Filter>ソース ファイル</Filter>
    </ClCompile>
    <ClCompile Include="sgd_model.cpp">
      <Filter>ソース ファイル</Filter>
    </ClCompile>
    <ClCompile Include="SimpleModelRender.cpp">
      <Filter>ソース ファイル</Filter>
    </ClCompile>
    <ClCompile Include="NormalDepthRender.cpp">
      <Filter>ソース ファイル</Filter>
    </ClCompile>
    <ClCompile Include="HdaoRender.cpp">
      <Filter>ソース ファイル</Filter>
    </ClCompile>
  </ItemGroup>
  <ItemGroup>
    <ClInclude Include="box.h">
      <Filter>ソース ファイル</Filter>
    </ClInclude>
    <ClInclude Include="board.h" />
    <ClInclude Include="RenderManager.h" />
    <ClInclude Include="sprite.h" />
    <ClInclude Include="UtiltyVertexDatas.h" />
    <ClInclude Include="sgd_model.h" />
    <ClInclude Include="SimpleModelRender.h">
      <Filter>ソース ファイル</Filter>
    </ClInclude>
    <ClInclude Include="NormalDepthRender.h">
      <Filter>ソース ファイル</Filter>
    </ClInclude>
    <ClInclude Include="HdaoRender.h">
      <Filter>ソース ファイル</Filter>
    </ClInclude>
  </ItemGroup>
</Project>